
Microsoft Visual Studio Solution File, Format Version 12.00
# Visual Studio Version 16
VisualStudioVersion = 16.0.30907.101
MinimumVisualStudioVersion = 10.0.40219.1
Project("{FAE04EC0-301F-11D3-BF4B-00C04F79EFBC}") = "LabourZillaZone", "LabourZillaZone.csproj", "{A87BD1EB-427A-4D48-8B40-3E16B23AC867}"
EndProject
Global
	GlobalSection(SolutionConfigurationPlatforms) = preSolution
		Debug|Any CPU = Debug|Any CPU
		Release|Any CPU = Release|Any CPU
	EndGlobalSection
	GlobalSection(ProjectConfigurationPlatforms) = postSolution
		{A87BD1EB-427A-4D48-8B40-3E16B23AC867}.Debug|Any CPU.ActiveCfg = Debug|Any CPU
		{A87BD1EB-427A-4D48-8B40-3E16B23AC867}.Debug|Any CPU.Build.0 = Debug|Any CPU
		{A87BD1EB-427A-4D48-8B40-3E16B23AC867}.Release|Any CPU.ActiveCfg = Release|Any CPU
		{A87BD1EB-427A-4D48-8B40-3E16B23AC867}.Release|Any CPU.Build.0 = Release|Any CPU
	EndGlobalSection
	GlobalSection(SolutionProperties) = preSolution
		HideSolutionNode = FALSE
	EndGlobalSection
	GlobalSection(ExtensibilityGlobals) = postSolution
		SolutionGuid = {050D5D57-240C-4100-98C7-1179EF0C612F}
	EndGlobalSection
EndGlobal
